
Microsoft Visual Studio Solution File, Format Version 12.00
# Visual Studio Version 17
VisualStudioVersion = 17.7.34031.279
MinimumVisualStudioVersion = 10.0.40219.1
Project("{FAE04EC0-301F-11D3-BF4B-00C04F79EFBC}") = "vistas", "vistas\vistas.csproj", "{2BCD7293-943F-4E3B-9593-CE2FDE87D0DF}"
EndProject
Global
	GlobalSection(SolutionConfigurationPlatforms) = preSolution
		Debug|Any CPU = Debug|Any CPU
		Release|Any CPU = Release|Any CPU
	EndGlobalSection
	GlobalSection(ProjectConfigurationPlatforms) = postSolution
		{2BCD7293-943F-4E3B-9593-CE2FDE87D0DF}.Debug|Any CPU.ActiveCfg = Debug|Any CPU
		{2BCD7293-943F-4E3B-9593-CE2FDE87D0DF}.Debug|Any CPU.Build.0 = Debug|Any CPU
		{2BCD7293-943F-4E3B-9593-CE2FDE87D0DF}.Release|Any CPU.ActiveCfg = Release|Any CPU
		{2BCD7293-943F-4E3B-9593-CE2FDE87D0DF}.Release|Any CPU.Build.0 = Release|Any CPU
	EndGlobalSection
	GlobalSection(SolutionProperties) = preSolution
		HideSolutionNode = FALSE
	EndGlobalSection
	GlobalSection(ExtensibilityGlobals) = postSolution
		SolutionGuid = {0FC6B939-C348-4ABB-9755-B354344E65A8}
	EndGlobalSection
EndGlobal
